{
  "name": "t3-project",
  "lockfileVersion": 2,
  "requires": true,
  "packages": {
    "": {
      "dependencies": {
        "opossum": "^7.0.1"
      }
    },
    "node_modules/opossum": {
      "version": "7.0.1",
      "resolved": "https://registry.npmjs.org/opossum/-/opossum-7.0.1.tgz",
      "integrity": "sha512-mM6mFi0ugBn1a2Q1Z7wPnfoNrLeEwn87FKLgkyPENgevt5Ct6OjTlAR7uT7YeegAZ6qj3Fz/Bt0+9VlWGtNDdQ==",
      "engines": {
        "node": "^19 || ^18 || ^16 || ^14"
      }
    }
  },
  "dependencies": {
    "opossum": {
      "version": "7.0.1",
      "resolved": "https://registry.npmjs.org/opossum/-/opossum-7.0.1.tgz",
      "integrity": "sha512-mM6mFi0ugBn1a2Q1Z7wPnfoNrLeEwn87FKLgkyPENgevt5Ct6OjTlAR7uT7YeegAZ6qj3Fz/Bt0+9VlWGtNDdQ=="
    }
  }
}
